// !$*UTF8*$!
{
	archiveVersion = 1;
	classes = {
	};
	objectVersion = 50;
	objects = {

/* Begin PBXBuildFile section */
		FABBC516243F70C600819768 /* Tarea3.swift in Sources */ = {isa = PBXBuildFile; fileRef = FABBC515243F70C600819768 /* Tarea3.swift */; };
		FABBC518243F962200819768 /* Tarea4.swift in Sources */ = {isa = PBXBuildFile; fileRef = FABBC517243F962200819768 /* Tarea4.swift */; };
		FADC4C8C243D896600078E79 /* AppDelegate.swift in Sources */ = {isa = PBXBuildFile; fileRef = FADC4C8B243D896600078E79 /* AppDelegate.swift */; };
		FADC4C8E243D896600078E79 /* SceneDelegate.swift in Sources */ = {isa = PBXBuildFile; fileRef = FADC4C8D243D896600078E79 /* SceneDelegate.swift */; };
		FADC4C90243D896600078E79 /* ContentView.swift in Sources */ = {isa = PBXBuildFile; fileRef = FADC4C8F243D896600078E79 /* ContentView.swift */; };
		FADC4C92243D896900078E79 /* Assets.xcassets in Resources */ = {isa = PBXBuildFile; fileRef = FADC4C91243D896900078E79 /* Assets.xcassets */; };
		FADC4C95243D896900078E79 /* Preview Assets.xcassets in Resources */ = {isa = PBXBuildFile; fileRef = FADC4C94243D896900078E79 /* Preview Assets.xcassets */; };
		FADC4C98243D896900078E79 /* LaunchScreen.storyboard in Resources */ = {isa = PBXBuildFile; fileRef = FADC4C96243D896900078E79 /* LaunchScreen.storyboard */; };
/* End PBXBuildFile section */

/* Begin PBXFileReference section */
		FABBC515243F70C600819768 /* Tarea3.swift */ = {isa = PBXFileReference; lastKnownFileType = sourcecode.swift; path = Tarea3.swift; sourceTree = "<group>"; };
		FABBC517243F962200819768 /* Tarea4.swift */ = {isa = PBXFileReference; lastKnownFileType = sourcecode.swift; path = Tarea4.swift; sourceTree = "<group>"; };
		FADC4C88243D896600078E79 /* 06-StatesBindings.app */ = {isa = PBXFileReference; explicitFileType = wrapper.application; includeInIndex = 0; path = "06-StatesBindings.app"; sourceTree = BUILT_PRODUCTS_DIR; };
		FADC4C8B243D896600078E79 /* AppDelegate.swift */ = {isa = PBXFileReference; lastKnownFileType = sourcecode.swift; path = AppDelegate.swift; sourceTree = "<group>"; };
		FADC4C8D243D896600078E79 /* SceneDelegate.swift */ = {isa = PBXFileReference; lastKnownFileType = sourcecode.swift; path = SceneDelegate.swift; sourceTree = "<group>"; };
		FADC4C8F243D896600078E79 /* ContentView.swift */ = {isa = PBXFileReference; lastKnownFileType = sourcecode.swift; path = ContentView.swift; sourceTree = "<group>"; };
		FADC4C91243D896900078E79 /* Assets.xcassets */ = {isa = PBXFileReference; lastKnownFileType = folder.assetcatalog; path = Assets.xcassets; sourceTree = "<group>"; };
		FADC4C94243D896900078E79 /* Preview Assets.xcassets */ = {isa = PBXFileReference; lastKnownFileType = folder.assetcatalog; path = "Preview Assets.xcassets"; sourceTree = "<group>"; };
		FADC4C97243D896900078E79 /* Base */ = {isa = PBXFileReference; lastKnownFileType = file.storyboard; name = Base; path = Base.lproj/LaunchScreen.storyboard; sourceTree = "<group>"; };
		FADC4C99243D896900078E79 /* Info.plist */ = {isa = PBXFileReference; lastKnownFileType = text.plist.xml; path = Info.plist; sourceTree = "<group>"; };
/* End PBXFileReference section */

/* Begin PBXFrameworksBuildPhase section */
		FADC4C85243D896500078E79 /* Frameworks */ = {
			isa = PBXFrameworksBuildPhase;
			buildActionMask = 2147483647;
			files = (
			);
			runOnlyForDeploymentPostprocessing = 0;
		};
/* End PBXFrameworksBuildPhase section */

/* Begin PBXGroup section */
		FADC4C7F243D896500078E79 = {
			isa = PBXGroup;
			children = (
				FADC4C8A243D896600078E79 /* 06-StatesBindings */,
				FADC4C89243D896600078E79 /* Products */,
			);
			sourceTree = "<group>";
		};
		FADC4C89243D896600078E79 /* Products */ = {
			isa = PBXGroup;
			children = (
				FADC4C88243D896600078E79 /* 06-StatesBindings.app */,
			);
			name = Products;
			sourceTree = "<group>";
		};
		FADC4C8A243D896600078E79 /* 06-StatesBindings */ = {
			isa = PBXGroup;
			children = (
				FADC4C8B243D896600078E79 /* AppDelegate.swift */,
				FADC4C8D243D896600078E79 /* SceneDelegate.swift */,
				FADC4C8F243D896600078E79 /* ContentView.swift */,
				FABBC515243F70C600819768 /* Tarea3.swift */,
				FABBC517243F962200819768 /* Tarea4.swift */,
				FADC4C91243D896900078E79 /* Assets.xcassets */,
				FADC4C96243D896900078E79 /* LaunchScreen.storyboard */,
				FADC4C99243D896900078E79 /* Info.plist */,
				FADC4C93243D896900078E79 /* Preview Content */,
			);
			path = "06-StatesBindings";
			sourceTree = "<group>";
		};
		FADC4C93243D896900078E79 /* Preview Content */ = {
			isa = PBXGroup;
			children = (
				FADC4C94243D896900078E79 /* Preview Assets.xcassets */,
			);
			path = "Preview Content";
			sourceTree = "<group>";
		};
/* End PBXGroup section */

/* Begin PBXNativeTarget section */
		FADC4C87243D896500078E79 /* 06-StatesBindings */ = {
			isa = PBXNativeTarget;
			buildConfigurationList = FADC4C9C243D896900078E79 /* Build configuration list for PBXNativeTarget "06-StatesBindings" */;
			buildPhases = (
				FADC4C84243D896500078E79 /* Sources */,
				FADC4C85243D896500078E79 /* Frameworks */,
				FADC4C86243D896500078E79 /* Resources */,
			);
			buildRules = (
			);
			dependencies = (
			);
			name = "06-StatesBindings";
			productName = "06-StatesBindings";
			productReference = FADC4C88243D896600078E79 /* 06-StatesBindings.app */;
			productType = "com.apple.product-type.application";
		};
/* End PBXNativeTarget section */

/* Begin PBXProject section */
		FADC4C80243D896500078E79 /* Project object */ = {
			isa = PBXProject;
			attributes = {
				LastSwiftUpdateCheck = 1130;
				LastUpgradeCheck = 1130;
				ORGANIZATIONNAME = MACBOOK;
				TargetAttributes = {
					FADC4C87243D896500078E79 = {
						CreatedOnToolsVersion = 11.3.1;
					};
				};
			};
			buildConfigurationList = FADC4C83243D896500078E79 /* Build configuration list for PBXProject "06-StatesBindings" */;
			compatibilityVersion = "Xcode 9.3";
			developmentRegion = en;
			hasScannedForEncodings = 0;
			knownRegions = (
				en,
				Base,
			);
			mainGroup = FADC4C7F243D896500078E79;
			productRefGroup = FADC4C89243D896600078E79 /* Products */;
			projectDirPath = "";
			projectRoot = "";
			targets = (
				FADC4C87243D896500078E79 /* 06-StatesBindings */,
			);
		};
/* End PBXProject section */

/* Begin PBXResourcesBuildPhase section */
		FADC4C86243D896500078E79 /* Resources */ = {
			isa = PBXResourcesBuildPhase;
			buildActionMask = 2147483647;
			files = (
				FADC4C98243D896900078E79 /* LaunchScreen.storyboard in Resources */,
				FADC4C95243D896900078E79 /* Preview Assets.xcassets in Resources */,
				FADC4C92243D896900078E79 /* Assets.xcassets in Resources */,
			);
			runOnlyForDeploymentPostprocessing = 0;
		};
/* End PBXResourcesBuildPhase section */

/* Begin PBXSourcesBuildPhase section */
		FADC4C84243D896500078E79 /* Sources */ = {
			isa = PBXSourcesBuildPhase;
			buildActionMask = 2147483647;
			files = (
				FADC4C8C243D896600078E79 /* AppDelegate.swift in Sources */,
				FADC4C8E243D896600078E79 /* SceneDelegate.swift in Sources */,
				FABBC518243F962200819768 /* Tarea4.swift in Sources */,
				FADC4C90243D896600078E79 /* ContentView.swift in Sources */,
				FABBC516243F70C600819768 /* Tarea3.swift in Sources */,
			);
			runOnlyForDeploymentPostprocessing = 0;
		};
/* End PBXSourcesBuildPhase section */

/* Begin PBXVariantGroup section */
		FADC4C96243D896900078E79 /* LaunchScreen.storyboard */ = {
			isa = PBXVariantGroup;
			children = (
				FADC4C97243D896900078E79 /* Base */,
			);
			name = LaunchScreen.storyboard;
			sourceTree = "<group>";
		};
/* End PBXVariantGroup section */

/* Begin XCBuildConfiguration section */
		FADC4C9A243D896900078E79 /* Debug */ = {
			isa = XCBuildConfiguration;
			buildSettings = {
				ALWAYS_SEARCH_USER_PATHS = NO;
				CLANG_ANALYZER_NONNULL = YES;
				CLANG_ANALYZER_NUMBER_OBJECT_CONVERSION = YES_AGGRESSIVE;
				CLANG_CXX_LANGUAGE_STANDARD = "gnu++14";
				CLANG_CXX_LIBRARY = "libc++";
				CLANG_ENABLE_MODULES = YES;
				CLANG_ENABLE_OBJC_ARC = YES;
				CLANG_ENABLE_OBJC_WEAK = YES;
				CLANG_WARN_BLOCK_CAPTURE_AUTORELEASING = YES;
				CLANG_WARN_BOOL_CONVERSION = YES;
				CLANG_WARN_COMMA = YES;
				CLANG_WARN_CONSTANT_CONVERSION = YES;
				CLANG_WARN_DEPRECATED_OBJC_IMPLEMENTATIONS = YES;
				CLANG_WARN_DIRECT_OBJC_ISA_USAGE = YES_ERROR;
				CLANG_WARN_DOCUMENTATION_COMMENTS = YES;
				CLANG_WARN_EMPTY_BODY = YES;
				CLANG_WARN_ENUM_CONVERSION = YES;
				CLANG_WARN_INFINITE_RECURSION = YES;
				CLANG_WARN_INT_CONVERSION = YES;
				CLANG_WARN_NON_LITERAL_NULL_CONVERSION = YES;
				CLANG_WARN_OBJC_IMPLICIT_RETAIN_SELF = YES;
				CLANG_WARN_OBJC_LITERAL_CONVERSION = YES;
				CLANG_WARN_OBJC_ROOT_CLASS = YES_ERROR;
				CLANG_WARN_RANGE_LOOP_ANALYSIS = YES;
				CLANG_WARN_STRICT_PROTOTYPES = YES;
				CLANG_WARN_SUSPICIOUS_MOVE = YES;
				CLANG_WARN_UNGUARDED_AVAILABILITY = YES_AGGRESSIVE;
				CLANG_WARN_UNREACHABLE_CODE = YES;
				CLANG_WARN__DUPLICATE_METHOD_MATCH = YES;
				COPY_PHASE_STRIP = NO;
				DEBUG_INFORMATION_FORMAT = dwarf;
				ENABLE_STRICT_OBJC_MSGSEND = YES;
				ENABLE_TESTABILITY = YES;
				GCC_C_LANGUAGE_STANDARD = gnu11;
				GCC_DYNAMIC_NO_PIC = NO;
				GCC_NO_COMMON_BLOCKS = YES;
				GCC_OPTIMIZATION_LEVEL = 0;
				GCC_PREPROCESSOR_DEFINITIONS = (
					"DEBUG=1",
					"$(inherited)",
				);
				GCC_WARN_64_TO_32_BIT_CONVERSION = YES;
				GCC_WARN_ABOUT_RETURN_TYPE = YES_ERROR;
				GCC_WARN_UNDECLARED_SELECTOR = YES;
				GCC_WARN_UNINITIALIZED_AUTOS = YES_AGGRESSIVE;
				GCC_WARN_UNUSED_FUNCTION = YES;
				GCC_WARN_UNUSED_VARIABLE = YES;
				IPHONEOS_DEPLOYMENT_TARGET = 13.2;
				MTL_ENABLE_DEBUG_INFO = INCLUDE_SOURCE;
				MTL_FAST_MATH = YES;
				ONLY_ACTIVE_ARCH = YES;
				SDKROOT = iphoneos;
				SWIFT_ACTIVE_COMPILATION_CONDITIONS = DEBUG;
				SWIFT_OPTIMIZATION_LEVEL = "-Onone";
			};
			name = Debug;
		};
		FADC4C9B243D896900078E79 /* Release */ = {
			isa = XCBuildConfiguration;
			buildSettings = {
				ALWAYS_SEARCH_USER_PATHS = NO;
				CLANG_ANALYZER_NONNULL = YES;
				CLANG_ANALYZER_NUMBER_OBJECT_CONVERSION = YES_AGGRESSIVE;
				CLANG_CXX_LANGUAGE_STANDARD = "gnu++14";
				CLANG_CXX_LIBRARY = "libc++";
				CLANG_ENABLE_MODULES = YES;
				CLANG_ENABLE_OBJC_ARC = YES;
				CLANG_ENABLE_OBJC_WEAK = YES;
				CLANG_WARN_BLOCK_CAPTURE_AUTORELEASING = YES;
				CLANG_WARN_BOOL_CONVERSION = YES;
				CLANG_WARN_COMMA = YES;
				CLANG_WARN_CONSTANT_CONVERSION = YES;
				CLANG_WARN_DEPRECATED_OBJC_IMPLEMENTATIONS = YES;
				CLANG_WARN_DIRECT_OBJC_ISA_USAGE = YES_ERROR;
				CLANG_WARN_DOCUMENTATION_COMMENTS = YES;
				CLANG_WARN_EMPTY_BODY = YES;
				CLANG_WARN_ENUM_CONVERSION = YES;
				CLANG_WARN_INFINITE_RECURSION = YES;
				CLANG_WARN_INT_CONVERSION = YES;
				CLANG_WARN_NON_LITERAL_NULL_CONVERSION = YES;
				CLANG_WARN_OBJC_IMPLICIT_RETAIN_SELF = YES;
				CLANG_WARN_OBJC_LITERAL_CONVERSION = YES;
				CLANG_WARN_OBJC_ROOT_CLASS = YES_ERROR;
				CLANG_WARN_RANGE_LOOP_ANALYSIS = YES;
				CLANG_WARN_STRICT_PROTOTYPES = YES;
				CLANG_WARN_SUSPICIOUS_MOVE = YES;
				CLANG_WARN_UNGUARDED_AVAILABILITY = YES_AGGRESSIVE;
				CLANG_WARN_UNREACHABLE_CODE = YES;
				CLANG_WARN__DUPLICATE_METHOD_MATCH = YES;
				COPY_PHASE_STRIP = NO;
				DEBUG_INFORMATION_FORMAT = "dwarf-with-dsym";
				ENABLE_NS_ASSERTIONS = NO;
				ENABLE_STRICT_OBJC_MSGSEND = YES;
				GCC_C_LANGUAGE_STANDARD = gnu11;
				GCC_NO_COMMON_BLOCKS = YES;
				GCC_WARN_64_TO_32_BIT_CONVERSION = YES;
				GCC_WARN_ABOUT_RETURN_TYPE = YES_ERROR;
				GCC_WARN_UNDECLARED_SELECTOR = YES;
				GCC_WARN_UNINITIALIZED_AUTOS = YES_AGGRESSIVE;
				GCC_WARN_UNUSED_FUNCTION = YES;
				GCC_WARN_UNUSED_VARIABLE = YES;
				IPHONEOS_DEPLOYMENT_TARGET = 13.2;
				MTL_ENABLE_DEBUG_INFO = NO;
				MTL_FAST_MATH = YES;
				SDKROOT = iphoneos;
				SWIFT_COMPILATION_MODE = wholemodule;
				SWIFT_OPTIMIZATION_LEVEL = "-O";
				VALIDATE_PRODUCT = YES;
			};
			name = Release;
		};
		FADC4C9D243D896900078E79 /* Debug */ = {
			isa = XCBuildConfiguration;
			buildSettings = {
				ASSETCATALOG_COMPILER_APPICON_NAME = AppIcon;
				CODE_SIGN_STYLE = Automatic;
				DEVELOPMENT_ASSET_PATHS = "\"06-StatesBindings/Preview Content\"";
				DEVELOPMENT_TEAM = 679J4528RZ;
				ENABLE_PREVIEWS = YES;
				INFOPLIST_FILE = "06-StatesBindings/Info.plist";
				LD_RUNPATH_SEARCH_PATHS = (
					"$(inherited)",
					"@executable_path/Frameworks",
				);
				PRODUCT_BUNDLE_IDENTIFIER = "sample.-6-StatesBindings";
				PRODUCT_NAME = "$(TARGET_NAME)";
				SWIFT_VERSION = 5.0;
				TARGETED_DEVICE_FAMILY = "1,2";
			};
			name = Debug;
		};
		FADC4C9E243D896900078E79 /* Release */ = {
			isa = XCBuildConfiguration;
			buildSettings = {
				ASSETCATALOG_COMPILER_APPICON_NAME = AppIcon;
				CODE_SIGN_STYLE = Automatic;
				DEVELOPMENT_ASSET_PATHS = "\"06-StatesBindings/Preview Content\"";
				DEVELOPMENT_TEAM = 679J4528RZ;
				ENABLE_PREVIEWS = YES;
				INFOPLIST_FILE = "06-StatesBindings/Info.plist";
				LD_RUNPATH_SEARCH_PATHS = (
					"$(inherited)",
					"@executable_path/Frameworks",
				);
				PRODUCT_BUNDLE_IDENTIFIER = "sample.-6-StatesBindings";
				PRODUCT_NAME = "$(TARGET_NAME)";
				SWIFT_VERSION = 5.0;
				TARGETED_DEVICE_FAMILY = "1,2";
			};
			name = Release;
		};
/* End XCBuildConfiguration section */

/* Begin XCConfigurationList section */
		FADC4C83243D896500078E79 /* Build configuration list for PBXProject "06-StatesBindings" */ = {
			isa = XCConfigurationList;
			buildConfigurations = (
				FADC4C9A243D896900078E79 /* Debug */,
				FADC4C9B243D896900078E79 /* Release */,
			);
			defaultConfigurationIsVisible = 0;
			defaultConfigurationName = Release;
		};
		FADC4C9C243D896900078E79 /* Build configuration list for PBXNativeTarget "06-StatesBindings" */ = {
			isa = XCConfigurationList;
			buildConfigurations = (
				FADC4C9D243D896900078E79 /* Debug */,
				FADC4C9E243D896900078E79 /* Release */,
			);
			defaultConfigurationIsVisible = 0;
			defaultConfigurationName = Release;
		};
/* End XCConfigurationList section */
	};
	rootObject = FADC4C80243D896500078E79 /* Project object */;
}
