// !$*UTF8*$!
{
	archiveVersion = 1;
	classes = {
	};
	objectVersion = 50;
	objects = {

/* Begin PBXBuildFile section */
		FA0458A22454A1A30071D1DD /* AppDelegate.swift in Sources */ = {isa = PBXBuildFile; fileRef = FA0458A12454A1A30071D1DD /* AppDelegate.swift */; };
		FA0458A42454A1A30071D1DD /* SceneDelegate.swift in Sources */ = {isa = PBXBuildFile; fileRef = FA0458A32454A1A30071D1DD /* SceneDelegate.swift */; };
		FA0458A62454A1A30071D1DD /* ContentView.swift in Sources */ = {isa = PBXBuildFile; fileRef = FA0458A52454A1A30071D1DD /* ContentView.swift */; };
		FA0458A82454A1A60071D1DD /* Assets.xcassets in Resources */ = {isa = PBXBuildFile; fileRef = FA0458A72454A1A60071D1DD /* Assets.xcassets */; };
		FA0458AB2454A1A60071D1DD /* Preview Assets.xcassets in Resources */ = {isa = PBXBuildFile; fileRef = FA0458AA2454A1A60071D1DD /* Preview Assets.xcassets */; };
		FA0458AE2454A1A60071D1DD /* LaunchScreen.storyboard in Resources */ = {isa = PBXBuildFile; fileRef = FA0458AC2454A1A60071D1DD /* LaunchScreen.storyboard */; };
		FA0458B62454DA470071D1DD /* ListaData.swift in Sources */ = {isa = PBXBuildFile; fileRef = FA0458B52454DA470071D1DD /* ListaData.swift */; };
/* End PBXBuildFile section */

/* Begin PBXFileReference section */
		FA04589E2454A1A30071D1DD /* 10-Lists.app */ = {isa = PBXFileReference; explicitFileType = wrapper.application; includeInIndex = 0; path = "10-Lists.app"; sourceTree = BUILT_PRODUCTS_DIR; };
		FA0458A12454A1A30071D1DD /* AppDelegate.swift */ = {isa = PBXFileReference; lastKnownFileType = sourcecode.swift; path = AppDelegate.swift; sourceTree = "<group>"; };
		FA0458A32454A1A30071D1DD /* SceneDelegate.swift */ = {isa = PBXFileReference; lastKnownFileType = sourcecode.swift; path = SceneDelegate.swift; sourceTree = "<group>"; };
		FA0458A52454A1A30071D1DD /* ContentView.swift */ = {isa = PBXFileReference; lastKnownFileType = sourcecode.swift; path = ContentView.swift; sourceTree = "<group>"; };
		FA0458A72454A1A60071D1DD /* Assets.xcassets */ = {isa = PBXFileReference; lastKnownFileType = folder.assetcatalog; path = Assets.xcassets; sourceTree = "<group>"; };
		FA0458AA2454A1A60071D1DD /* Preview Assets.xcassets */ = {isa = PBXFileReference; lastKnownFileType = folder.assetcatalog; path = "Preview Assets.xcassets"; sourceTree = "<group>"; };
		FA0458AD2454A1A60071D1DD /* Base */ = {isa = PBXFileReference; lastKnownFileType = file.storyboard; name = Base; path = Base.lproj/LaunchScreen.storyboard; sourceTree = "<group>"; };
		FA0458AF2454A1A60071D1DD /* Info.plist */ = {isa = PBXFileReference; lastKnownFileType = text.plist.xml; path = Info.plist; sourceTree = "<group>"; };
		FA0458B52454DA470071D1DD /* ListaData.swift */ = {isa = PBXFileReference; lastKnownFileType = sourcecode.swift; path = ListaData.swift; sourceTree = "<group>"; };
/* End PBXFileReference section */

/* Begin PBXFrameworksBuildPhase section */
		FA04589B2454A1A30071D1DD /* Frameworks */ = {
			isa = PBXFrameworksBuildPhase;
			buildActionMask = 2147483647;
			files = (
			);
			runOnlyForDeploymentPostprocessing = 0;
		};
/* End PBXFrameworksBuildPhase section */

/* Begin PBXGroup section */
		FA0458952454A1A30071D1DD = {
			isa = PBXGroup;
			children = (
				FA0458A02454A1A30071D1DD /* 10-Lists */,
				FA04589F2454A1A30071D1DD /* Products */,
			);
			sourceTree = "<group>";
		};
		FA04589F2454A1A30071D1DD /* Products */ = {
			isa = PBXGroup;
			children = (
				FA04589E2454A1A30071D1DD /* 10-Lists.app */,
			);
			name = Products;
			sourceTree = "<group>";
		};
		FA0458A02454A1A30071D1DD /* 10-Lists */ = {
			isa = PBXGroup;
			children = (
				FA0458A12454A1A30071D1DD /* AppDelegate.swift */,
				FA0458A32454A1A30071D1DD /* SceneDelegate.swift */,
				FA0458A52454A1A30071D1DD /* ContentView.swift */,
				FA0458B52454DA470071D1DD /* ListaData.swift */,
				FA0458A72454A1A60071D1DD /* Assets.xcassets */,
				FA0458AC2454A1A60071D1DD /* LaunchScreen.storyboard */,
				FA0458AF2454A1A60071D1DD /* Info.plist */,
				FA0458A92454A1A60071D1DD /* Preview Content */,
			);
			path = "10-Lists";
			sourceTree = "<group>";
		};
		FA0458A92454A1A60071D1DD /* Preview Content */ = {
			isa = PBXGroup;
			children = (
				FA0458AA2454A1A60071D1DD /* Preview Assets.xcassets */,
			);
			path = "Preview Content";
			sourceTree = "<group>";
		};
/* End PBXGroup section */

/* Begin PBXNativeTarget section */
		FA04589D2454A1A30071D1DD /* 10-Lists */ = {
			isa = PBXNativeTarget;
			buildConfigurationList = FA0458B22454A1A60071D1DD /* Build configuration list for PBXNativeTarget "10-Lists" */;
			buildPhases = (
				FA04589A2454A1A30071D1DD /* Sources */,
				FA04589B2454A1A30071D1DD /* Frameworks */,
				FA04589C2454A1A30071D1DD /* Resources */,
			);
			buildRules = (
			);
			dependencies = (
			);
			name = "10-Lists";
			productName = "10-Lists";
			productReference = FA04589E2454A1A30071D1DD /* 10-Lists.app */;
			productType = "com.apple.product-type.application";
		};
/* End PBXNativeTarget section */

/* Begin PBXProject section */
		FA0458962454A1A30071D1DD /* Project object */ = {
			isa = PBXProject;
			attributes = {
				LastSwiftUpdateCheck = 1130;
				LastUpgradeCheck = 1130;
				ORGANIZATIONNAME = MACBOOK;
				TargetAttributes = {
					FA04589D2454A1A30071D1DD = {
						CreatedOnToolsVersion = 11.3.1;
					};
				};
			};
			buildConfigurationList = FA0458992454A1A30071D1DD /* Build configuration list for PBXProject "10-Lists" */;
			compatibilityVersion = "Xcode 9.3";
			developmentRegion = en;
			hasScannedForEncodings = 0;
			knownRegions = (
				en,
				Base,
			);
			mainGroup = FA0458952454A1A30071D1DD;
			productRefGroup = FA04589F2454A1A30071D1DD /* Products */;
			projectDirPath = "";
			projectRoot = "";
			targets = (
				FA04589D2454A1A30071D1DD /* 10-Lists */,
			);
		};
/* End PBXProject section */

/* Begin PBXResourcesBuildPhase section */
		FA04589C2454A1A30071D1DD /* Resources */ = {
			isa = PBXResourcesBuildPhase;
			buildActionMask = 2147483647;
			files = (
				FA0458AE2454A1A60071D1DD /* LaunchScreen.storyboard in Resources */,
				FA0458AB2454A1A60071D1DD /* Preview Assets.xcassets in Resources */,
				FA0458A82454A1A60071D1DD /* Assets.xcassets in Resources */,
			);
			runOnlyForDeploymentPostprocessing = 0;
		};
/* End PBXResourcesBuildPhase section */

/* Begin PBXSourcesBuildPhase section */
		FA04589A2454A1A30071D1DD /* Sources */ = {
			isa = PBXSourcesBuildPhase;
			buildActionMask = 2147483647;
			files = (
				FA0458A22454A1A30071D1DD /* AppDelegate.swift in Sources */,
				FA0458B62454DA470071D1DD /* ListaData.swift in Sources */,
				FA0458A42454A1A30071D1DD /* SceneDelegate.swift in Sources */,
				FA0458A62454A1A30071D1DD /* ContentView.swift in Sources */,
			);
			runOnlyForDeploymentPostprocessing = 0;
		};
/* End PBXSourcesBuildPhase section */

/* Begin PBXVariantGroup section */
		FA0458AC2454A1A60071D1DD /* LaunchScreen.storyboard */ = {
			isa = PBXVariantGroup;
			children = (
				FA0458AD2454A1A60071D1DD /* Base */,
			);
			name = LaunchScreen.storyboard;
			sourceTree = "<group>";
		};
/* End PBXVariantGroup section */

/* Begin XCBuildConfiguration section */
		FA0458B02454A1A60071D1DD /* Debug */ = {
			isa = XCBuildConfiguration;
			buildSettings = {
				ALWAYS_SEARCH_USER_PATHS = NO;
				CLANG_ANALYZER_NONNULL = YES;
				CLANG_ANALYZER_NUMBER_OBJECT_CONVERSION = YES_AGGRESSIVE;
				CLANG_CXX_LANGUAGE_STANDARD = "gnu++14";
				CLANG_CXX_LIBRARY = "libc++";
				CLANG_ENABLE_MODULES = YES;
				CLANG_ENABLE_OBJC_ARC = YES;
				CLANG_ENABLE_OBJC_WEAK = YES;
				CLANG_WARN_BLOCK_CAPTURE_AUTORELEASING = YES;
				CLANG_WARN_BOOL_CONVERSION = YES;
				CLANG_WARN_COMMA = YES;
				CLANG_WARN_CONSTANT_CONVERSION = YES;
				CLANG_WARN_DEPRECATED_OBJC_IMPLEMENTATIONS = YES;
				CLANG_WARN_DIRECT_OBJC_ISA_USAGE = YES_ERROR;
				CLANG_WARN_DOCUMENTATION_COMMENTS = YES;
				CLANG_WARN_EMPTY_BODY = YES;
				CLANG_WARN_ENUM_CONVERSION = YES;
				CLANG_WARN_INFINITE_RECURSION = YES;
				CLANG_WARN_INT_CONVERSION = YES;
				CLANG_WARN_NON_LITERAL_NULL_CONVERSION = YES;
				CLANG_WARN_OBJC_IMPLICIT_RETAIN_SELF = YES;
				CLANG_WARN_OBJC_LITERAL_CONVERSION = YES;
				CLANG_WARN_OBJC_ROOT_CLASS = YES_ERROR;
				CLANG_WARN_RANGE_LOOP_ANALYSIS = YES;
				CLANG_WARN_STRICT_PROTOTYPES = YES;
				CLANG_WARN_SUSPICIOUS_MOVE = YES;
				CLANG_WARN_UNGUARDED_AVAILABILITY = YES_AGGRESSIVE;
				CLANG_WARN_UNREACHABLE_CODE = YES;
				CLANG_WARN__DUPLICATE_METHOD_MATCH = YES;
				COPY_PHASE_STRIP = NO;
				DEBUG_INFORMATION_FORMAT = dwarf;
				ENABLE_STRICT_OBJC_MSGSEND = YES;
				ENABLE_TESTABILITY = YES;
				GCC_C_LANGUAGE_STANDARD = gnu11;
				GCC_DYNAMIC_NO_PIC = NO;
				GCC_NO_COMMON_BLOCKS = YES;
				GCC_OPTIMIZATION_LEVEL = 0;
				GCC_PREPROCESSOR_DEFINITIONS = (
					"DEBUG=1",
					"$(inherited)",
				);
				GCC_WARN_64_TO_32_BIT_CONVERSION = YES;
				GCC_WARN_ABOUT_RETURN_TYPE = YES_ERROR;
				GCC_WARN_UNDECLARED_SELECTOR = YES;
				GCC_WARN_UNINITIALIZED_AUTOS = YES_AGGRESSIVE;
				GCC_WARN_UNUSED_FUNCTION = YES;
				GCC_WARN_UNUSED_VARIABLE = YES;
				IPHONEOS_DEPLOYMENT_TARGET = 13.2;
				MTL_ENABLE_DEBUG_INFO = INCLUDE_SOURCE;
				MTL_FAST_MATH = YES;
				ONLY_ACTIVE_ARCH = YES;
				SDKROOT = iphoneos;
				SWIFT_ACTIVE_COMPILATION_CONDITIONS = DEBUG;
				SWIFT_OPTIMIZATION_LEVEL = "-Onone";
			};
			name = Debug;
		};
		FA0458B12454A1A60071D1DD /* Release */ = {
			isa = XCBuildConfiguration;
			buildSettings = {
				ALWAYS_SEARCH_USER_PATHS = NO;
				CLANG_ANALYZER_NONNULL = YES;
				CLANG_ANALYZER_NUMBER_OBJECT_CONVERSION = YES_AGGRESSIVE;
				CLANG_CXX_LANGUAGE_STANDARD = "gnu++14";
				CLANG_CXX_LIBRARY = "libc++";
				CLANG_ENABLE_MODULES = YES;
				CLANG_ENABLE_OBJC_ARC = YES;
				CLANG_ENABLE_OBJC_WEAK = YES;
				CLANG_WARN_BLOCK_CAPTURE_AUTORELEASING = YES;
				CLANG_WARN_BOOL_CONVERSION = YES;
				CLANG_WARN_COMMA = YES;
				CLANG_WARN_CONSTANT_CONVERSION = YES;
				CLANG_WARN_DEPRECATED_OBJC_IMPLEMENTATIONS = YES;
				CLANG_WARN_DIRECT_OBJC_ISA_USAGE = YES_ERROR;
				CLANG_WARN_DOCUMENTATION_COMMENTS = YES;
				CLANG_WARN_EMPTY_BODY = YES;
				CLANG_WARN_ENUM_CONVERSION = YES;
				CLANG_WARN_INFINITE_RECURSION = YES;
				CLANG_WARN_INT_CONVERSION = YES;
				CLANG_WARN_NON_LITERAL_NULL_CONVERSION = YES;
				CLANG_WARN_OBJC_IMPLICIT_RETAIN_SELF = YES;
				CLANG_WARN_OBJC_LITERAL_CONVERSION = YES;
				CLANG_WARN_OBJC_ROOT_CLASS = YES_ERROR;
				CLANG_WARN_RANGE_LOOP_ANALYSIS = YES;
				CLANG_WARN_STRICT_PROTOTYPES = YES;
				CLANG_WARN_SUSPICIOUS_MOVE = YES;
				CLANG_WARN_UNGUARDED_AVAILABILITY = YES_AGGRESSIVE;
				CLANG_WARN_UNREACHABLE_CODE = YES;
				CLANG_WARN__DUPLICATE_METHOD_MATCH = YES;
				COPY_PHASE_STRIP = NO;
				DEBUG_INFORMATION_FORMAT = "dwarf-with-dsym";
				ENABLE_NS_ASSERTIONS = NO;
				ENABLE_STRICT_OBJC_MSGSEND = YES;
				GCC_C_LANGUAGE_STANDARD = gnu11;
				GCC_NO_COMMON_BLOCKS = YES;
				GCC_WARN_64_TO_32_BIT_CONVERSION = YES;
				GCC_WARN_ABOUT_RETURN_TYPE = YES_ERROR;
				GCC_WARN_UNDECLARED_SELECTOR = YES;
				GCC_WARN_UNINITIALIZED_AUTOS = YES_AGGRESSIVE;
				GCC_WARN_UNUSED_FUNCTION = YES;
				GCC_WARN_UNUSED_VARIABLE = YES;
				IPHONEOS_DEPLOYMENT_TARGET = 13.2;
				MTL_ENABLE_DEBUG_INFO = NO;
				MTL_FAST_MATH = YES;
				SDKROOT = iphoneos;
				SWIFT_COMPILATION_MODE = wholemodule;
				SWIFT_OPTIMIZATION_LEVEL = "-O";
				VALIDATE_PRODUCT = YES;
			};
			name = Release;
		};
		FA0458B32454A1A60071D1DD /* Debug */ = {
			isa = XCBuildConfiguration;
			buildSettings = {
				ASSETCATALOG_COMPILER_APPICON_NAME = AppIcon;
				CODE_SIGN_STYLE = Automatic;
				DEVELOPMENT_ASSET_PATHS = "\"10-Lists/Preview Content\"";
				DEVELOPMENT_TEAM = 954C95V3JL;
				ENABLE_PREVIEWS = YES;
				INFOPLIST_FILE = "10-Lists/Info.plist";
				LD_RUNPATH_SEARCH_PATHS = (
					"$(inherited)",
					"@executable_path/Frameworks",
				);
				PRODUCT_BUNDLE_IDENTIFIER = "sample.-0-Lists";
				PRODUCT_NAME = "$(TARGET_NAME)";
				SWIFT_VERSION = 5.0;
				TARGETED_DEVICE_FAMILY = "1,2";
			};
			name = Debug;
		};
		FA0458B42454A1A60071D1DD /* Release */ = {
			isa = XCBuildConfiguration;
			buildSettings = {
				ASSETCATALOG_COMPILER_APPICON_NAME = AppIcon;
				CODE_SIGN_STYLE = Automatic;
				DEVELOPMENT_ASSET_PATHS = "\"10-Lists/Preview Content\"";
				DEVELOPMENT_TEAM = 954C95V3JL;
				ENABLE_PREVIEWS = YES;
				INFOPLIST_FILE = "10-Lists/Info.plist";
				LD_RUNPATH_SEARCH_PATHS = (
					"$(inherited)",
					"@executable_path/Frameworks",
				);
				PRODUCT_BUNDLE_IDENTIFIER = "sample.-0-Lists";
				PRODUCT_NAME = "$(TARGET_NAME)";
				SWIFT_VERSION = 5.0;
				TARGETED_DEVICE_FAMILY = "1,2";
			};
			name = Release;
		};
/* End XCBuildConfiguration section */

/* Begin XCConfigurationList section */
		FA0458992454A1A30071D1DD /* Build configuration list for PBXProject "10-Lists" */ = {
			isa = XCConfigurationList;
			buildConfigurations = (
				FA0458B02454A1A60071D1DD /* Debug */,
				FA0458B12454A1A60071D1DD /* Release */,
			);
			defaultConfigurationIsVisible = 0;
			defaultConfigurationName = Release;
		};
		FA0458B22454A1A60071D1DD /* Build configuration list for PBXNativeTarget "10-Lists" */ = {
			isa = XCConfigurationList;
			buildConfigurations = (
				FA0458B32454A1A60071D1DD /* Debug */,
				FA0458B42454A1A60071D1DD /* Release */,
			);
			defaultConfigurationIsVisible = 0;
			defaultConfigurationName = Release;
		};
/* End XCConfigurationList section */
	};
	rootObject = FA0458962454A1A30071D1DD /* Project object */;
}
