// !$*UTF8*$!
{
	archiveVersion = 1;
	classes = {
	};
	objectVersion = 50;
	objects = {

/* Begin PBXBuildFile section */
		FABE0500246621A2007E8A22 /* DetailView.swift in Sources */ = {isa = PBXBuildFile; fileRef = FABE04FF246621A2007E8A22 /* DetailView.swift */; };
		FABE05022466F730007E8A22 /* Tarea8.swift in Sources */ = {isa = PBXBuildFile; fileRef = FABE05012466F730007E8A22 /* Tarea8.swift */; };
		FABE05042466FCB5007E8A22 /* CardView.swift in Sources */ = {isa = PBXBuildFile; fileRef = FABE05032466FCB5007E8A22 /* CardView.swift */; };
		FABE050624670788007E8A22 /* DetailTarea8.swift in Sources */ = {isa = PBXBuildFile; fileRef = FABE050524670788007E8A22 /* DetailTarea8.swift */; };
		FAF7370C246614BD00A1FF15 /* AppDelegate.swift in Sources */ = {isa = PBXBuildFile; fileRef = FAF7370B246614BD00A1FF15 /* AppDelegate.swift */; };
		FAF7370E246614BD00A1FF15 /* SceneDelegate.swift in Sources */ = {isa = PBXBuildFile; fileRef = FAF7370D246614BD00A1FF15 /* SceneDelegate.swift */; };
		FAF73710246614BD00A1FF15 /* ContentView.swift in Sources */ = {isa = PBXBuildFile; fileRef = FAF7370F246614BD00A1FF15 /* ContentView.swift */; };
		FAF73712246614C000A1FF15 /* Assets.xcassets in Resources */ = {isa = PBXBuildFile; fileRef = FAF73711246614C000A1FF15 /* Assets.xcassets */; };
		FAF73715246614C000A1FF15 /* Preview Assets.xcassets in Resources */ = {isa = PBXBuildFile; fileRef = FAF73714246614C000A1FF15 /* Preview Assets.xcassets */; };
		FAF73718246614C000A1FF15 /* LaunchScreen.storyboard in Resources */ = {isa = PBXBuildFile; fileRef = FAF73716246614C000A1FF15 /* LaunchScreen.storyboard */; };
/* End PBXBuildFile section */

/* Begin PBXFileReference section */
		FABE04FF246621A2007E8A22 /* DetailView.swift */ = {isa = PBXFileReference; lastKnownFileType = sourcecode.swift; path = DetailView.swift; sourceTree = "<group>"; };
		FABE05012466F730007E8A22 /* Tarea8.swift */ = {isa = PBXFileReference; lastKnownFileType = sourcecode.swift; path = Tarea8.swift; sourceTree = "<group>"; };
		FABE05032466FCB5007E8A22 /* CardView.swift */ = {isa = PBXFileReference; fileEncoding = 4; lastKnownFileType = sourcecode.swift; path = CardView.swift; sourceTree = "<group>"; };
		FABE050524670788007E8A22 /* DetailTarea8.swift */ = {isa = PBXFileReference; lastKnownFileType = sourcecode.swift; path = DetailTarea8.swift; sourceTree = "<group>"; };
		FAF73708246614BD00A1FF15 /* 11-Navigation.app */ = {isa = PBXFileReference; explicitFileType = wrapper.application; includeInIndex = 0; path = "11-Navigation.app"; sourceTree = BUILT_PRODUCTS_DIR; };
		FAF7370B246614BD00A1FF15 /* AppDelegate.swift */ = {isa = PBXFileReference; lastKnownFileType = sourcecode.swift; path = AppDelegate.swift; sourceTree = "<group>"; };
		FAF7370D246614BD00A1FF15 /* SceneDelegate.swift */ = {isa = PBXFileReference; lastKnownFileType = sourcecode.swift; path = SceneDelegate.swift; sourceTree = "<group>"; };
		FAF7370F246614BD00A1FF15 /* ContentView.swift */ = {isa = PBXFileReference; lastKnownFileType = sourcecode.swift; path = ContentView.swift; sourceTree = "<group>"; };
		FAF73711246614C000A1FF15 /* Assets.xcassets */ = {isa = PBXFileReference; lastKnownFileType = folder.assetcatalog; path = Assets.xcassets; sourceTree = "<group>"; };
		FAF73714246614C000A1FF15 /* Preview Assets.xcassets */ = {isa = PBXFileReference; lastKnownFileType = folder.assetcatalog; path = "Preview Assets.xcassets"; sourceTree = "<group>"; };
		FAF73717246614C000A1FF15 /* Base */ = {isa = PBXFileReference; lastKnownFileType = file.storyboard; name = Base; path = Base.lproj/LaunchScreen.storyboard; sourceTree = "<group>"; };
		FAF73719246614C000A1FF15 /* Info.plist */ = {isa = PBXFileReference; lastKnownFileType = text.plist.xml; path = Info.plist; sourceTree = "<group>"; };
/* End PBXFileReference section */

/* Begin PBXFrameworksBuildPhase section */
		FAF73705246614BD00A1FF15 /* Frameworks */ = {
			isa = PBXFrameworksBuildPhase;
			buildActionMask = 2147483647;
			files = (
			);
			runOnlyForDeploymentPostprocessing = 0;
		};
/* End PBXFrameworksBuildPhase section */

/* Begin PBXGroup section */
		FAF736FF246614BD00A1FF15 = {
			isa = PBXGroup;
			children = (
				FAF7370A246614BD00A1FF15 /* 11-Navigation */,
				FAF73709246614BD00A1FF15 /* Products */,
			);
			sourceTree = "<group>";
		};
		FAF73709246614BD00A1FF15 /* Products */ = {
			isa = PBXGroup;
			children = (
				FAF73708246614BD00A1FF15 /* 11-Navigation.app */,
			);
			name = Products;
			sourceTree = "<group>";
		};
		FAF7370A246614BD00A1FF15 /* 11-Navigation */ = {
			isa = PBXGroup;
			children = (
				FAF7370B246614BD00A1FF15 /* AppDelegate.swift */,
				FAF7370D246614BD00A1FF15 /* SceneDelegate.swift */,
				FAF7370F246614BD00A1FF15 /* ContentView.swift */,
				FABE04FF246621A2007E8A22 /* DetailView.swift */,
				FABE05032466FCB5007E8A22 /* CardView.swift */,
				FABE05012466F730007E8A22 /* Tarea8.swift */,
				FABE050524670788007E8A22 /* DetailTarea8.swift */,
				FAF73711246614C000A1FF15 /* Assets.xcassets */,
				FAF73716246614C000A1FF15 /* LaunchScreen.storyboard */,
				FAF73719246614C000A1FF15 /* Info.plist */,
				FAF73713246614C000A1FF15 /* Preview Content */,
			);
			path = "11-Navigation";
			sourceTree = "<group>";
		};
		FAF73713246614C000A1FF15 /* Preview Content */ = {
			isa = PBXGroup;
			children = (
				FAF73714246614C000A1FF15 /* Preview Assets.xcassets */,
			);
			path = "Preview Content";
			sourceTree = "<group>";
		};
/* End PBXGroup section */

/* Begin PBXNativeTarget section */
		FAF73707246614BD00A1FF15 /* 11-Navigation */ = {
			isa = PBXNativeTarget;
			buildConfigurationList = FAF7371C246614C000A1FF15 /* Build configuration list for PBXNativeTarget "11-Navigation" */;
			buildPhases = (
				FAF73704246614BD00A1FF15 /* Sources */,
				FAF73705246614BD00A1FF15 /* Frameworks */,
				FAF73706246614BD00A1FF15 /* Resources */,
			);
			buildRules = (
			);
			dependencies = (
			);
			name = "11-Navigation";
			productName = "11-Navigation";
			productReference = FAF73708246614BD00A1FF15 /* 11-Navigation.app */;
			productType = "com.apple.product-type.application";
		};
/* End PBXNativeTarget section */

/* Begin PBXProject section */
		FAF73700246614BD00A1FF15 /* Project object */ = {
			isa = PBXProject;
			attributes = {
				LastSwiftUpdateCheck = 1130;
				LastUpgradeCheck = 1130;
				ORGANIZATIONNAME = MACBOOK;
				TargetAttributes = {
					FAF73707246614BD00A1FF15 = {
						CreatedOnToolsVersion = 11.3.1;
					};
				};
			};
			buildConfigurationList = FAF73703246614BD00A1FF15 /* Build configuration list for PBXProject "11-Navigation" */;
			compatibilityVersion = "Xcode 9.3";
			developmentRegion = en;
			hasScannedForEncodings = 0;
			knownRegions = (
				en,
				Base,
			);
			mainGroup = FAF736FF246614BD00A1FF15;
			productRefGroup = FAF73709246614BD00A1FF15 /* Products */;
			projectDirPath = "";
			projectRoot = "";
			targets = (
				FAF73707246614BD00A1FF15 /* 11-Navigation */,
			);
		};
/* End PBXProject section */

/* Begin PBXResourcesBuildPhase section */
		FAF73706246614BD00A1FF15 /* Resources */ = {
			isa = PBXResourcesBuildPhase;
			buildActionMask = 2147483647;
			files = (
				FAF73718246614C000A1FF15 /* LaunchScreen.storyboard in Resources */,
				FAF73715246614C000A1FF15 /* Preview Assets.xcassets in Resources */,
				FAF73712246614C000A1FF15 /* Assets.xcassets in Resources */,
			);
			runOnlyForDeploymentPostprocessing = 0;
		};
/* End PBXResourcesBuildPhase section */

/* Begin PBXSourcesBuildPhase section */
		FAF73704246614BD00A1FF15 /* Sources */ = {
			isa = PBXSourcesBuildPhase;
			buildActionMask = 2147483647;
			files = (
				FAF7370C246614BD00A1FF15 /* AppDelegate.swift in Sources */,
				FABE050624670788007E8A22 /* DetailTarea8.swift in Sources */,
				FABE0500246621A2007E8A22 /* DetailView.swift in Sources */,
				FABE05022466F730007E8A22 /* Tarea8.swift in Sources */,
				FAF7370E246614BD00A1FF15 /* SceneDelegate.swift in Sources */,
				FABE05042466FCB5007E8A22 /* CardView.swift in Sources */,
				FAF73710246614BD00A1FF15 /* ContentView.swift in Sources */,
			);
			runOnlyForDeploymentPostprocessing = 0;
		};
/* End PBXSourcesBuildPhase section */

/* Begin PBXVariantGroup section */
		FAF73716246614C000A1FF15 /* LaunchScreen.storyboard */ = {
			isa = PBXVariantGroup;
			children = (
				FAF73717246614C000A1FF15 /* Base */,
			);
			name = LaunchScreen.storyboard;
			sourceTree = "<group>";
		};
/* End PBXVariantGroup section */

/* Begin XCBuildConfiguration section */
		FAF7371A246614C000A1FF15 /* Debug */ = {
			isa = XCBuildConfiguration;
			buildSettings = {
				ALWAYS_SEARCH_USER_PATHS = NO;
				CLANG_ANALYZER_NONNULL = YES;
				CLANG_ANALYZER_NUMBER_OBJECT_CONVERSION = YES_AGGRESSIVE;
				CLANG_CXX_LANGUAGE_STANDARD = "gnu++14";
				CLANG_CXX_LIBRARY = "libc++";
				CLANG_ENABLE_MODULES = YES;
				CLANG_ENABLE_OBJC_ARC = YES;
				CLANG_ENABLE_OBJC_WEAK = YES;
				CLANG_WARN_BLOCK_CAPTURE_AUTORELEASING = YES;
				CLANG_WARN_BOOL_CONVERSION = YES;
				CLANG_WARN_COMMA = YES;
				CLANG_WARN_CONSTANT_CONVERSION = YES;
				CLANG_WARN_DEPRECATED_OBJC_IMPLEMENTATIONS = YES;
				CLANG_WARN_DIRECT_OBJC_ISA_USAGE = YES_ERROR;
				CLANG_WARN_DOCUMENTATION_COMMENTS = YES;
				CLANG_WARN_EMPTY_BODY = YES;
				CLANG_WARN_ENUM_CONVERSION = YES;
				CLANG_WARN_INFINITE_RECURSION = YES;
				CLANG_WARN_INT_CONVERSION = YES;
				CLANG_WARN_NON_LITERAL_NULL_CONVERSION = YES;
				CLANG_WARN_OBJC_IMPLICIT_RETAIN_SELF = YES;
				CLANG_WARN_OBJC_LITERAL_CONVERSION = YES;
				CLANG_WARN_OBJC_ROOT_CLASS = YES_ERROR;
				CLANG_WARN_RANGE_LOOP_ANALYSIS = YES;
				CLANG_WARN_STRICT_PROTOTYPES = YES;
				CLANG_WARN_SUSPICIOUS_MOVE = YES;
				CLANG_WARN_UNGUARDED_AVAILABILITY = YES_AGGRESSIVE;
				CLANG_WARN_UNREACHABLE_CODE = YES;
				CLANG_WARN__DUPLICATE_METHOD_MATCH = YES;
				COPY_PHASE_STRIP = NO;
				DEBUG_INFORMATION_FORMAT = dwarf;
				ENABLE_STRICT_OBJC_MSGSEND = YES;
				ENABLE_TESTABILITY = YES;
				GCC_C_LANGUAGE_STANDARD = gnu11;
				GCC_DYNAMIC_NO_PIC = NO;
				GCC_NO_COMMON_BLOCKS = YES;
				GCC_OPTIMIZATION_LEVEL = 0;
				GCC_PREPROCESSOR_DEFINITIONS = (
					"DEBUG=1",
					"$(inherited)",
				);
				GCC_WARN_64_TO_32_BIT_CONVERSION = YES;
				GCC_WARN_ABOUT_RETURN_TYPE = YES_ERROR;
				GCC_WARN_UNDECLARED_SELECTOR = YES;
				GCC_WARN_UNINITIALIZED_AUTOS = YES_AGGRESSIVE;
				GCC_WARN_UNUSED_FUNCTION = YES;
				GCC_WARN_UNUSED_VARIABLE = YES;
				IPHONEOS_DEPLOYMENT_TARGET = 13.2;
				MTL_ENABLE_DEBUG_INFO = INCLUDE_SOURCE;
				MTL_FAST_MATH = YES;
				ONLY_ACTIVE_ARCH = YES;
				SDKROOT = iphoneos;
				SWIFT_ACTIVE_COMPILATION_CONDITIONS = DEBUG;
				SWIFT_OPTIMIZATION_LEVEL = "-Onone";
			};
			name = Debug;
		};
		FAF7371B246614C000A1FF15 /* Release */ = {
			isa = XCBuildConfiguration;
			buildSettings = {
				ALWAYS_SEARCH_USER_PATHS = NO;
				CLANG_ANALYZER_NONNULL = YES;
				CLANG_ANALYZER_NUMBER_OBJECT_CONVERSION = YES_AGGRESSIVE;
				CLANG_CXX_LANGUAGE_STANDARD = "gnu++14";
				CLANG_CXX_LIBRARY = "libc++";
				CLANG_ENABLE_MODULES = YES;
				CLANG_ENABLE_OBJC_ARC = YES;
				CLANG_ENABLE_OBJC_WEAK = YES;
				CLANG_WARN_BLOCK_CAPTURE_AUTORELEASING = YES;
				CLANG_WARN_BOOL_CONVERSION = YES;
				CLANG_WARN_COMMA = YES;
				CLANG_WARN_CONSTANT_CONVERSION = YES;
				CLANG_WARN_DEPRECATED_OBJC_IMPLEMENTATIONS = YES;
				CLANG_WARN_DIRECT_OBJC_ISA_USAGE = YES_ERROR;
				CLANG_WARN_DOCUMENTATION_COMMENTS = YES;
				CLANG_WARN_EMPTY_BODY = YES;
				CLANG_WARN_ENUM_CONVERSION = YES;
				CLANG_WARN_INFINITE_RECURSION = YES;
				CLANG_WARN_INT_CONVERSION = YES;
				CLANG_WARN_NON_LITERAL_NULL_CONVERSION = YES;
				CLANG_WARN_OBJC_IMPLICIT_RETAIN_SELF = YES;
				CLANG_WARN_OBJC_LITERAL_CONVERSION = YES;
				CLANG_WARN_OBJC_ROOT_CLASS = YES_ERROR;
				CLANG_WARN_RANGE_LOOP_ANALYSIS = YES;
				CLANG_WARN_STRICT_PROTOTYPES = YES;
				CLANG_WARN_SUSPICIOUS_MOVE = YES;
				CLANG_WARN_UNGUARDED_AVAILABILITY = YES_AGGRESSIVE;
				CLANG_WARN_UNREACHABLE_CODE = YES;
				CLANG_WARN__DUPLICATE_METHOD_MATCH = YES;
				COPY_PHASE_STRIP = NO;
				DEBUG_INFORMATION_FORMAT = "dwarf-with-dsym";
				ENABLE_NS_ASSERTIONS = NO;
				ENABLE_STRICT_OBJC_MSGSEND = YES;
				GCC_C_LANGUAGE_STANDARD = gnu11;
				GCC_NO_COMMON_BLOCKS = YES;
				GCC_WARN_64_TO_32_BIT_CONVERSION = YES;
				GCC_WARN_ABOUT_RETURN_TYPE = YES_ERROR;
				GCC_WARN_UNDECLARED_SELECTOR = YES;
				GCC_WARN_UNINITIALIZED_AUTOS = YES_AGGRESSIVE;
				GCC_WARN_UNUSED_FUNCTION = YES;
				GCC_WARN_UNUSED_VARIABLE = YES;
				IPHONEOS_DEPLOYMENT_TARGET = 13.2;
				MTL_ENABLE_DEBUG_INFO = NO;
				MTL_FAST_MATH = YES;
				SDKROOT = iphoneos;
				SWIFT_COMPILATION_MODE = wholemodule;
				SWIFT_OPTIMIZATION_LEVEL = "-O";
				VALIDATE_PRODUCT = YES;
			};
			name = Release;
		};
		FAF7371D246614C000A1FF15 /* Debug */ = {
			isa = XCBuildConfiguration;
			buildSettings = {
				ASSETCATALOG_COMPILER_APPICON_NAME = AppIcon;
				CODE_SIGN_STYLE = Automatic;
				DEVELOPMENT_ASSET_PATHS = "\"11-Navigation/Preview Content\"";
				DEVELOPMENT_TEAM = 8NYFW7HB9N;
				ENABLE_PREVIEWS = YES;
				INFOPLIST_FILE = "11-Navigation/Info.plist";
				LD_RUNPATH_SEARCH_PATHS = (
					"$(inherited)",
					"@executable_path/Frameworks",
				);
				PRODUCT_BUNDLE_IDENTIFIER = "sample.-1-Navigation";
				PRODUCT_NAME = "$(TARGET_NAME)";
				SWIFT_VERSION = 5.0;
				TARGETED_DEVICE_FAMILY = "1,2";
			};
			name = Debug;
		};
		FAF7371E246614C000A1FF15 /* Release */ = {
			isa = XCBuildConfiguration;
			buildSettings = {
				ASSETCATALOG_COMPILER_APPICON_NAME = AppIcon;
				CODE_SIGN_STYLE = Automatic;
				DEVELOPMENT_ASSET_PATHS = "\"11-Navigation/Preview Content\"";
				DEVELOPMENT_TEAM = 8NYFW7HB9N;
				ENABLE_PREVIEWS = YES;
				INFOPLIST_FILE = "11-Navigation/Info.plist";
				LD_RUNPATH_SEARCH_PATHS = (
					"$(inherited)",
					"@executable_path/Frameworks",
				);
				PRODUCT_BUNDLE_IDENTIFIER = "sample.-1-Navigation";
				PRODUCT_NAME = "$(TARGET_NAME)";
				SWIFT_VERSION = 5.0;
				TARGETED_DEVICE_FAMILY = "1,2";
			};
			name = Release;
		};
/* End XCBuildConfiguration section */

/* Begin XCConfigurationList section */
		FAF73703246614BD00A1FF15 /* Build configuration list for PBXProject "11-Navigation" */ = {
			isa = XCConfigurationList;
			buildConfigurations = (
				FAF7371A246614C000A1FF15 /* Debug */,
				FAF7371B246614C000A1FF15 /* Release */,
			);
			defaultConfigurationIsVisible = 0;
			defaultConfigurationName = Release;
		};
		FAF7371C246614C000A1FF15 /* Build configuration list for PBXNativeTarget "11-Navigation" */ = {
			isa = XCConfigurationList;
			buildConfigurations = (
				FAF7371D246614C000A1FF15 /* Debug */,
				FAF7371E246614C000A1FF15 /* Release */,
			);
			defaultConfigurationIsVisible = 0;
			defaultConfigurationName = Release;
		};
/* End XCConfigurationList section */
	};
	rootObject = FAF73700246614BD00A1FF15 /* Project object */;
}
