// !$*UTF8*$!
{
	archiveVersion = 1;
	classes = {
	};
	objectVersion = 50;
	objects = {

/* Begin PBXBuildFile section */
		FA15E1BB242C5DEA0078E2ED /* AppDelegate.swift in Sources */ = {isa = PBXBuildFile; fileRef = FA15E1BA242C5DEA0078E2ED /* AppDelegate.swift */; };
		FA15E1BD242C5DEA0078E2ED /* SceneDelegate.swift in Sources */ = {isa = PBXBuildFile; fileRef = FA15E1BC242C5DEA0078E2ED /* SceneDelegate.swift */; };
		FA15E1BF242C5DEA0078E2ED /* ContentView.swift in Sources */ = {isa = PBXBuildFile; fileRef = FA15E1BE242C5DEA0078E2ED /* ContentView.swift */; };
		FA15E1C1242C5DEF0078E2ED /* Assets.xcassets in Resources */ = {isa = PBXBuildFile; fileRef = FA15E1C0242C5DEF0078E2ED /* Assets.xcassets */; };
		FA15E1C4242C5DEF0078E2ED /* Preview Assets.xcassets in Resources */ = {isa = PBXBuildFile; fileRef = FA15E1C3242C5DEF0078E2ED /* Preview Assets.xcassets */; };
		FA15E1C7242C5DEF0078E2ED /* LaunchScreen.storyboard in Resources */ = {isa = PBXBuildFile; fileRef = FA15E1C5242C5DEF0078E2ED /* LaunchScreen.storyboard */; };
/* End PBXBuildFile section */

/* Begin PBXFileReference section */
		FA15E1B7242C5DEA0078E2ED /* 02-Images.app */ = {isa = PBXFileReference; explicitFileType = wrapper.application; includeInIndex = 0; path = "02-Images.app"; sourceTree = BUILT_PRODUCTS_DIR; };
		FA15E1BA242C5DEA0078E2ED /* AppDelegate.swift */ = {isa = PBXFileReference; lastKnownFileType = sourcecode.swift; path = AppDelegate.swift; sourceTree = "<group>"; };
		FA15E1BC242C5DEA0078E2ED /* SceneDelegate.swift */ = {isa = PBXFileReference; lastKnownFileType = sourcecode.swift; path = SceneDelegate.swift; sourceTree = "<group>"; };
		FA15E1BE242C5DEA0078E2ED /* ContentView.swift */ = {isa = PBXFileReference; lastKnownFileType = sourcecode.swift; path = ContentView.swift; sourceTree = "<group>"; };
		FA15E1C0242C5DEF0078E2ED /* Assets.xcassets */ = {isa = PBXFileReference; lastKnownFileType = folder.assetcatalog; path = Assets.xcassets; sourceTree = "<group>"; };
		FA15E1C3242C5DEF0078E2ED /* Preview Assets.xcassets */ = {isa = PBXFileReference; lastKnownFileType = folder.assetcatalog; path = "Preview Assets.xcassets"; sourceTree = "<group>"; };
		FA15E1C6242C5DEF0078E2ED /* Base */ = {isa = PBXFileReference; lastKnownFileType = file.storyboard; name = Base; path = Base.lproj/LaunchScreen.storyboard; sourceTree = "<group>"; };
		FA15E1C8242C5DEF0078E2ED /* Info.plist */ = {isa = PBXFileReference; lastKnownFileType = text.plist.xml; path = Info.plist; sourceTree = "<group>"; };
/* End PBXFileReference section */

/* Begin PBXFrameworksBuildPhase section */
		FA15E1B4242C5DEA0078E2ED /* Frameworks */ = {
			isa = PBXFrameworksBuildPhase;
			buildActionMask = 2147483647;
			files = (
			);
			runOnlyForDeploymentPostprocessing = 0;
		};
/* End PBXFrameworksBuildPhase section */

/* Begin PBXGroup section */
		FA15E1AE242C5DEA0078E2ED = {
			isa = PBXGroup;
			children = (
				FA15E1B9242C5DEA0078E2ED /* 02-Images */,
				FA15E1B8242C5DEA0078E2ED /* Products */,
			);
			sourceTree = "<group>";
		};
		FA15E1B8242C5DEA0078E2ED /* Products */ = {
			isa = PBXGroup;
			children = (
				FA15E1B7242C5DEA0078E2ED /* 02-Images.app */,
			);
			name = Products;
			sourceTree = "<group>";
		};
		FA15E1B9242C5DEA0078E2ED /* 02-Images */ = {
			isa = PBXGroup;
			children = (
				FA15E1BA242C5DEA0078E2ED /* AppDelegate.swift */,
				FA15E1BC242C5DEA0078E2ED /* SceneDelegate.swift */,
				FA15E1BE242C5DEA0078E2ED /* ContentView.swift */,
				FA15E1C0242C5DEF0078E2ED /* Assets.xcassets */,
				FA15E1C5242C5DEF0078E2ED /* LaunchScreen.storyboard */,
				FA15E1C8242C5DEF0078E2ED /* Info.plist */,
				FA15E1C2242C5DEF0078E2ED /* Preview Content */,
			);
			path = "02-Images";
			sourceTree = "<group>";
		};
		FA15E1C2242C5DEF0078E2ED /* Preview Content */ = {
			isa = PBXGroup;
			children = (
				FA15E1C3242C5DEF0078E2ED /* Preview Assets.xcassets */,
			);
			path = "Preview Content";
			sourceTree = "<group>";
		};
/* End PBXGroup section */

/* Begin PBXNativeTarget section */
		FA15E1B6242C5DEA0078E2ED /* 02-Images */ = {
			isa = PBXNativeTarget;
			buildConfigurationList = FA15E1CB242C5DEF0078E2ED /* Build configuration list for PBXNativeTarget "02-Images" */;
			buildPhases = (
				FA15E1B3242C5DEA0078E2ED /* Sources */,
				FA15E1B4242C5DEA0078E2ED /* Frameworks */,
				FA15E1B5242C5DEA0078E2ED /* Resources */,
			);
			buildRules = (
			);
			dependencies = (
			);
			name = "02-Images";
			productName = "02-Images";
			productReference = FA15E1B7242C5DEA0078E2ED /* 02-Images.app */;
			productType = "com.apple.product-type.application";
		};
/* End PBXNativeTarget section */

/* Begin PBXProject section */
		FA15E1AF242C5DEA0078E2ED /* Project object */ = {
			isa = PBXProject;
			attributes = {
				LastSwiftUpdateCheck = 1130;
				LastUpgradeCheck = 1130;
				ORGANIZATIONNAME = MACBOOK;
				TargetAttributes = {
					FA15E1B6242C5DEA0078E2ED = {
						CreatedOnToolsVersion = 11.3.1;
					};
				};
			};
			buildConfigurationList = FA15E1B2242C5DEA0078E2ED /* Build configuration list for PBXProject "02-Images" */;
			compatibilityVersion = "Xcode 9.3";
			developmentRegion = en;
			hasScannedForEncodings = 0;
			knownRegions = (
				en,
				Base,
			);
			mainGroup = FA15E1AE242C5DEA0078E2ED;
			productRefGroup = FA15E1B8242C5DEA0078E2ED /* Products */;
			projectDirPath = "";
			projectRoot = "";
			targets = (
				FA15E1B6242C5DEA0078E2ED /* 02-Images */,
			);
		};
/* End PBXProject section */

/* Begin PBXResourcesBuildPhase section */
		FA15E1B5242C5DEA0078E2ED /* Resources */ = {
			isa = PBXResourcesBuildPhase;
			buildActionMask = 2147483647;
			files = (
				FA15E1C7242C5DEF0078E2ED /* LaunchScreen.storyboard in Resources */,
				FA15E1C4242C5DEF0078E2ED /* Preview Assets.xcassets in Resources */,
				FA15E1C1242C5DEF0078E2ED /* Assets.xcassets in Resources */,
			);
			runOnlyForDeploymentPostprocessing = 0;
		};
/* End PBXResourcesBuildPhase section */

/* Begin PBXSourcesBuildPhase section */
		FA15E1B3242C5DEA0078E2ED /* Sources */ = {
			isa = PBXSourcesBuildPhase;
			buildActionMask = 2147483647;
			files = (
				FA15E1BB242C5DEA0078E2ED /* AppDelegate.swift in Sources */,
				FA15E1BD242C5DEA0078E2ED /* SceneDelegate.swift in Sources */,
				FA15E1BF242C5DEA0078E2ED /* ContentView.swift in Sources */,
			);
			runOnlyForDeploymentPostprocessing = 0;
		};
/* End PBXSourcesBuildPhase section */

/* Begin PBXVariantGroup section */
		FA15E1C5242C5DEF0078E2ED /* LaunchScreen.storyboard */ = {
			isa = PBXVariantGroup;
			children = (
				FA15E1C6242C5DEF0078E2ED /* Base */,
			);
			name = LaunchScreen.storyboard;
			sourceTree = "<group>";
		};
/* End PBXVariantGroup section */

/* Begin XCBuildConfiguration section */
		FA15E1C9242C5DEF0078E2ED /* Debug */ = {
			isa = XCBuildConfiguration;
			buildSettings = {
				ALWAYS_SEARCH_USER_PATHS = NO;
				CLANG_ANALYZER_NONNULL = YES;
				CLANG_ANALYZER_NUMBER_OBJECT_CONVERSION = YES_AGGRESSIVE;
				CLANG_CXX_LANGUAGE_STANDARD = "gnu++14";
				CLANG_CXX_LIBRARY = "libc++";
				CLANG_ENABLE_MODULES = YES;
				CLANG_ENABLE_OBJC_ARC = YES;
				CLANG_ENABLE_OBJC_WEAK = YES;
				CLANG_WARN_BLOCK_CAPTURE_AUTORELEASING = YES;
				CLANG_WARN_BOOL_CONVERSION = YES;
				CLANG_WARN_COMMA = YES;
				CLANG_WARN_CONSTANT_CONVERSION = YES;
				CLANG_WARN_DEPRECATED_OBJC_IMPLEMENTATIONS = YES;
				CLANG_WARN_DIRECT_OBJC_ISA_USAGE = YES_ERROR;
				CLANG_WARN_DOCUMENTATION_COMMENTS = YES;
				CLANG_WARN_EMPTY_BODY = YES;
				CLANG_WARN_ENUM_CONVERSION = YES;
				CLANG_WARN_INFINITE_RECURSION = YES;
				CLANG_WARN_INT_CONVERSION = YES;
				CLANG_WARN_NON_LITERAL_NULL_CONVERSION = YES;
				CLANG_WARN_OBJC_IMPLICIT_RETAIN_SELF = YES;
				CLANG_WARN_OBJC_LITERAL_CONVERSION = YES;
				CLANG_WARN_OBJC_ROOT_CLASS = YES_ERROR;
				CLANG_WARN_RANGE_LOOP_ANALYSIS = YES;
				CLANG_WARN_STRICT_PROTOTYPES = YES;
				CLANG_WARN_SUSPICIOUS_MOVE = YES;
				CLANG_WARN_UNGUARDED_AVAILABILITY = YES_AGGRESSIVE;
				CLANG_WARN_UNREACHABLE_CODE = YES;
				CLANG_WARN__DUPLICATE_METHOD_MATCH = YES;
				COPY_PHASE_STRIP = NO;
				DEBUG_INFORMATION_FORMAT = dwarf;
				ENABLE_STRICT_OBJC_MSGSEND = YES;
				ENABLE_TESTABILITY = YES;
				GCC_C_LANGUAGE_STANDARD = gnu11;
				GCC_DYNAMIC_NO_PIC = NO;
				GCC_NO_COMMON_BLOCKS = YES;
				GCC_OPTIMIZATION_LEVEL = 0;
				GCC_PREPROCESSOR_DEFINITIONS = (
					"DEBUG=1",
					"$(inherited)",
				);
				GCC_WARN_64_TO_32_BIT_CONVERSION = YES;
				GCC_WARN_ABOUT_RETURN_TYPE = YES_ERROR;
				GCC_WARN_UNDECLARED_SELECTOR = YES;
				GCC_WARN_UNINITIALIZED_AUTOS = YES_AGGRESSIVE;
				GCC_WARN_UNUSED_FUNCTION = YES;
				GCC_WARN_UNUSED_VARIABLE = YES;
				IPHONEOS_DEPLOYMENT_TARGET = 13.2;
				MTL_ENABLE_DEBUG_INFO = INCLUDE_SOURCE;
				MTL_FAST_MATH = YES;
				ONLY_ACTIVE_ARCH = YES;
				SDKROOT = iphoneos;
				SWIFT_ACTIVE_COMPILATION_CONDITIONS = DEBUG;
				SWIFT_OPTIMIZATION_LEVEL = "-Onone";
			};
			name = Debug;
		};
		FA15E1CA242C5DEF0078E2ED /* Release */ = {
			isa = XCBuildConfiguration;
			buildSettings = {
				ALWAYS_SEARCH_USER_PATHS = NO;
				CLANG_ANALYZER_NONNULL = YES;
				CLANG_ANALYZER_NUMBER_OBJECT_CONVERSION = YES_AGGRESSIVE;
				CLANG_CXX_LANGUAGE_STANDARD = "gnu++14";
				CLANG_CXX_LIBRARY = "libc++";
				CLANG_ENABLE_MODULES = YES;
				CLANG_ENABLE_OBJC_ARC = YES;
				CLANG_ENABLE_OBJC_WEAK = YES;
				CLANG_WARN_BLOCK_CAPTURE_AUTORELEASING = YES;
				CLANG_WARN_BOOL_CONVERSION = YES;
				CLANG_WARN_COMMA = YES;
				CLANG_WARN_CONSTANT_CONVERSION = YES;
				CLANG_WARN_DEPRECATED_OBJC_IMPLEMENTATIONS = YES;
				CLANG_WARN_DIRECT_OBJC_ISA_USAGE = YES_ERROR;
				CLANG_WARN_DOCUMENTATION_COMMENTS = YES;
				CLANG_WARN_EMPTY_BODY = YES;
				CLANG_WARN_ENUM_CONVERSION = YES;
				CLANG_WARN_INFINITE_RECURSION = YES;
				CLANG_WARN_INT_CONVERSION = YES;
				CLANG_WARN_NON_LITERAL_NULL_CONVERSION = YES;
				CLANG_WARN_OBJC_IMPLICIT_RETAIN_SELF = YES;
				CLANG_WARN_OBJC_LITERAL_CONVERSION = YES;
				CLANG_WARN_OBJC_ROOT_CLASS = YES_ERROR;
				CLANG_WARN_RANGE_LOOP_ANALYSIS = YES;
				CLANG_WARN_STRICT_PROTOTYPES = YES;
				CLANG_WARN_SUSPICIOUS_MOVE = YES;
				CLANG_WARN_UNGUARDED_AVAILABILITY = YES_AGGRESSIVE;
				CLANG_WARN_UNREACHABLE_CODE = YES;
				CLANG_WARN__DUPLICATE_METHOD_MATCH = YES;
				COPY_PHASE_STRIP = NO;
				DEBUG_INFORMATION_FORMAT = "dwarf-with-dsym";
				ENABLE_NS_ASSERTIONS = NO;
				ENABLE_STRICT_OBJC_MSGSEND = YES;
				GCC_C_LANGUAGE_STANDARD = gnu11;
				GCC_NO_COMMON_BLOCKS = YES;
				GCC_WARN_64_TO_32_BIT_CONVERSION = YES;
				GCC_WARN_ABOUT_RETURN_TYPE = YES_ERROR;
				GCC_WARN_UNDECLARED_SELECTOR = YES;
				GCC_WARN_UNINITIALIZED_AUTOS = YES_AGGRESSIVE;
				GCC_WARN_UNUSED_FUNCTION = YES;
				GCC_WARN_UNUSED_VARIABLE = YES;
				IPHONEOS_DEPLOYMENT_TARGET = 13.2;
				MTL_ENABLE_DEBUG_INFO = NO;
				MTL_FAST_MATH = YES;
				SDKROOT = iphoneos;
				SWIFT_COMPILATION_MODE = wholemodule;
				SWIFT_OPTIMIZATION_LEVEL = "-O";
				VALIDATE_PRODUCT = YES;
			};
			name = Release;
		};
		FA15E1CC242C5DEF0078E2ED /* Debug */ = {
			isa = XCBuildConfiguration;
			buildSettings = {
				ASSETCATALOG_COMPILER_APPICON_NAME = AppIcon;
				CODE_SIGN_STYLE = Automatic;
				DEVELOPMENT_ASSET_PATHS = "\"02-Images/Preview Content\"";
				DEVELOPMENT_TEAM = 679J4528RZ;
				ENABLE_PREVIEWS = YES;
				INFOPLIST_FILE = "02-Images/Info.plist";
				LD_RUNPATH_SEARCH_PATHS = (
					"$(inherited)",
					"@executable_path/Frameworks",
				);
				PRODUCT_BUNDLE_IDENTIFIER = "sample.-2-Images";
				PRODUCT_NAME = "$(TARGET_NAME)";
				SWIFT_VERSION = 5.0;
				TARGETED_DEVICE_FAMILY = "1,2";
			};
			name = Debug;
		};
		FA15E1CD242C5DEF0078E2ED /* Release */ = {
			isa = XCBuildConfiguration;
			buildSettings = {
				ASSETCATALOG_COMPILER_APPICON_NAME = AppIcon;
				CODE_SIGN_STYLE = Automatic;
				DEVELOPMENT_ASSET_PATHS = "\"02-Images/Preview Content\"";
				DEVELOPMENT_TEAM = 679J4528RZ;
				ENABLE_PREVIEWS = YES;
				INFOPLIST_FILE = "02-Images/Info.plist";
				LD_RUNPATH_SEARCH_PATHS = (
					"$(inherited)",
					"@executable_path/Frameworks",
				);
				PRODUCT_BUNDLE_IDENTIFIER = "sample.-2-Images";
				PRODUCT_NAME = "$(TARGET_NAME)";
				SWIFT_VERSION = 5.0;
				TARGETED_DEVICE_FAMILY = "1,2";
			};
			name = Release;
		};
/* End XCBuildConfiguration section */

/* Begin XCConfigurationList section */
		FA15E1B2242C5DEA0078E2ED /* Build configuration list for PBXProject "02-Images" */ = {
			isa = XCConfigurationList;
			buildConfigurations = (
				FA15E1C9242C5DEF0078E2ED /* Debug */,
				FA15E1CA242C5DEF0078E2ED /* Release */,
			);
			defaultConfigurationIsVisible = 0;
			defaultConfigurationName = Release;
		};
		FA15E1CB242C5DEF0078E2ED /* Build configuration list for PBXNativeTarget "02-Images" */ = {
			isa = XCConfigurationList;
			buildConfigurations = (
				FA15E1CC242C5DEF0078E2ED /* Debug */,
				FA15E1CD242C5DEF0078E2ED /* Release */,
			);
			defaultConfigurationIsVisible = 0;
			defaultConfigurationName = Release;
		};
/* End XCConfigurationList section */
	};
	rootObject = FA15E1AF242C5DEA0078E2ED /* Project object */;
}
