// !$*UTF8*$!
{
	archiveVersion = 1;
	classes = {
	};
	objectVersion = 50;
	objects = {

/* Begin PBXBuildFile section */
		C0B4658524538B2F006A9E0B /* AppDelegate.swift in Sources */ = {isa = PBXBuildFile; fileRef = C0B4658424538B2F006A9E0B /* AppDelegate.swift */; };
		C0B4658724538B2F006A9E0B /* SceneDelegate.swift in Sources */ = {isa = PBXBuildFile; fileRef = C0B4658624538B2F006A9E0B /* SceneDelegate.swift */; };
		C0B4658924538B2F006A9E0B /* ContentView.swift in Sources */ = {isa = PBXBuildFile; fileRef = C0B4658824538B2F006A9E0B /* ContentView.swift */; };
		C0B4658B24538B3B006A9E0B /* Assets.xcassets in Resources */ = {isa = PBXBuildFile; fileRef = C0B4658A24538B3B006A9E0B /* Assets.xcassets */; };
		C0B4658E24538B3B006A9E0B /* Preview Assets.xcassets in Resources */ = {isa = PBXBuildFile; fileRef = C0B4658D24538B3B006A9E0B /* Preview Assets.xcassets */; };
		C0B4659124538B3B006A9E0B /* LaunchScreen.storyboard in Resources */ = {isa = PBXBuildFile; fileRef = C0B4658F24538B3B006A9E0B /* LaunchScreen.storyboard */; };
		FA0458902453D0800071D1DD /* T6E1.swift in Sources */ = {isa = PBXBuildFile; fileRef = FA04588F2453D0800071D1DD /* T6E1.swift */; };
		FA0458922453D0950071D1DD /* T6E2.swift in Sources */ = {isa = PBXBuildFile; fileRef = FA0458912453D0950071D1DD /* T6E2.swift */; };
		FA0458942453F0C80071D1DD /* CardView.swift in Sources */ = {isa = PBXBuildFile; fileRef = FA0458932453F0C80071D1DD /* CardView.swift */; };
/* End PBXBuildFile section */

/* Begin PBXFileReference section */
		C0B4658124538B2F006A9E0B /* 09-Transitions.app */ = {isa = PBXFileReference; explicitFileType = wrapper.application; includeInIndex = 0; path = "09-Transitions.app"; sourceTree = BUILT_PRODUCTS_DIR; };
		C0B4658424538B2F006A9E0B /* AppDelegate.swift */ = {isa = PBXFileReference; lastKnownFileType = sourcecode.swift; path = AppDelegate.swift; sourceTree = "<group>"; };
		C0B4658624538B2F006A9E0B /* SceneDelegate.swift */ = {isa = PBXFileReference; lastKnownFileType = sourcecode.swift; path = SceneDelegate.swift; sourceTree = "<group>"; };
		C0B4658824538B2F006A9E0B /* ContentView.swift */ = {isa = PBXFileReference; lastKnownFileType = sourcecode.swift; path = ContentView.swift; sourceTree = "<group>"; };
		C0B4658A24538B3B006A9E0B /* Assets.xcassets */ = {isa = PBXFileReference; lastKnownFileType = folder.assetcatalog; path = Assets.xcassets; sourceTree = "<group>"; };
		C0B4658D24538B3B006A9E0B /* Preview Assets.xcassets */ = {isa = PBXFileReference; lastKnownFileType = folder.assetcatalog; path = "Preview Assets.xcassets"; sourceTree = "<group>"; };
		C0B4659024538B3B006A9E0B /* Base */ = {isa = PBXFileReference; lastKnownFileType = file.storyboard; name = Base; path = Base.lproj/LaunchScreen.storyboard; sourceTree = "<group>"; };
		C0B4659224538B3B006A9E0B /* Info.plist */ = {isa = PBXFileReference; lastKnownFileType = text.plist.xml; path = Info.plist; sourceTree = "<group>"; };
		FA04588F2453D0800071D1DD /* T6E1.swift */ = {isa = PBXFileReference; lastKnownFileType = sourcecode.swift; path = T6E1.swift; sourceTree = "<group>"; };
		FA0458912453D0950071D1DD /* T6E2.swift */ = {isa = PBXFileReference; lastKnownFileType = sourcecode.swift; path = T6E2.swift; sourceTree = "<group>"; };
		FA0458932453F0C80071D1DD /* CardView.swift */ = {isa = PBXFileReference; lastKnownFileType = sourcecode.swift; path = CardView.swift; sourceTree = "<group>"; };
/* End PBXFileReference section */

/* Begin PBXFrameworksBuildPhase section */
		C0B4657E24538B2E006A9E0B /* Frameworks */ = {
			isa = PBXFrameworksBuildPhase;
			buildActionMask = 2147483647;
			files = (
			);
			runOnlyForDeploymentPostprocessing = 0;
		};
/* End PBXFrameworksBuildPhase section */

/* Begin PBXGroup section */
		C0B4657824538B2E006A9E0B = {
			isa = PBXGroup;
			children = (
				C0B4658324538B2F006A9E0B /* 09-Transitions */,
				C0B4658224538B2F006A9E0B /* Products */,
			);
			sourceTree = "<group>";
		};
		C0B4658224538B2F006A9E0B /* Products */ = {
			isa = PBXGroup;
			children = (
				C0B4658124538B2F006A9E0B /* 09-Transitions.app */,
			);
			name = Products;
			sourceTree = "<group>";
		};
		C0B4658324538B2F006A9E0B /* 09-Transitions */ = {
			isa = PBXGroup;
			children = (
				C0B4658424538B2F006A9E0B /* AppDelegate.swift */,
				C0B4658624538B2F006A9E0B /* SceneDelegate.swift */,
				C0B4658824538B2F006A9E0B /* ContentView.swift */,
				FA04588F2453D0800071D1DD /* T6E1.swift */,
				FA0458912453D0950071D1DD /* T6E2.swift */,
				FA0458932453F0C80071D1DD /* CardView.swift */,
				C0B4658A24538B3B006A9E0B /* Assets.xcassets */,
				C0B4658F24538B3B006A9E0B /* LaunchScreen.storyboard */,
				C0B4659224538B3B006A9E0B /* Info.plist */,
				C0B4658C24538B3B006A9E0B /* Preview Content */,
			);
			path = "09-Transitions";
			sourceTree = "<group>";
		};
		C0B4658C24538B3B006A9E0B /* Preview Content */ = {
			isa = PBXGroup;
			children = (
				C0B4658D24538B3B006A9E0B /* Preview Assets.xcassets */,
			);
			path = "Preview Content";
			sourceTree = "<group>";
		};
/* End PBXGroup section */

/* Begin PBXNativeTarget section */
		C0B4658024538B2E006A9E0B /* 09-Transitions */ = {
			isa = PBXNativeTarget;
			buildConfigurationList = C0B4659524538B3B006A9E0B /* Build configuration list for PBXNativeTarget "09-Transitions" */;
			buildPhases = (
				C0B4657D24538B2E006A9E0B /* Sources */,
				C0B4657E24538B2E006A9E0B /* Frameworks */,
				C0B4657F24538B2E006A9E0B /* Resources */,
			);
			buildRules = (
			);
			dependencies = (
			);
			name = "09-Transitions";
			productName = "09-Transitions";
			productReference = C0B4658124538B2F006A9E0B /* 09-Transitions.app */;
			productType = "com.apple.product-type.application";
		};
/* End PBXNativeTarget section */

/* Begin PBXProject section */
		C0B4657924538B2E006A9E0B /* Project object */ = {
			isa = PBXProject;
			attributes = {
				LastSwiftUpdateCheck = 1130;
				LastUpgradeCheck = 1130;
				ORGANIZATIONNAME = johnvera;
				TargetAttributes = {
					C0B4658024538B2E006A9E0B = {
						CreatedOnToolsVersion = 11.3.1;
					};
				};
			};
			buildConfigurationList = C0B4657C24538B2E006A9E0B /* Build configuration list for PBXProject "09-Transitions" */;
			compatibilityVersion = "Xcode 9.3";
			developmentRegion = en;
			hasScannedForEncodings = 0;
			knownRegions = (
				en,
				Base,
			);
			mainGroup = C0B4657824538B2E006A9E0B;
			productRefGroup = C0B4658224538B2F006A9E0B /* Products */;
			projectDirPath = "";
			projectRoot = "";
			targets = (
				C0B4658024538B2E006A9E0B /* 09-Transitions */,
			);
		};
/* End PBXProject section */

/* Begin PBXResourcesBuildPhase section */
		C0B4657F24538B2E006A9E0B /* Resources */ = {
			isa = PBXResourcesBuildPhase;
			buildActionMask = 2147483647;
			files = (
				C0B4659124538B3B006A9E0B /* LaunchScreen.storyboard in Resources */,
				C0B4658E24538B3B006A9E0B /* Preview Assets.xcassets in Resources */,
				C0B4658B24538B3B006A9E0B /* Assets.xcassets in Resources */,
			);
			runOnlyForDeploymentPostprocessing = 0;
		};
/* End PBXResourcesBuildPhase section */

/* Begin PBXSourcesBuildPhase section */
		C0B4657D24538B2E006A9E0B /* Sources */ = {
			isa = PBXSourcesBuildPhase;
			buildActionMask = 2147483647;
			files = (
				C0B4658524538B2F006A9E0B /* AppDelegate.swift in Sources */,
				FA0458902453D0800071D1DD /* T6E1.swift in Sources */,
				C0B4658724538B2F006A9E0B /* SceneDelegate.swift in Sources */,
				C0B4658924538B2F006A9E0B /* ContentView.swift in Sources */,
				FA0458942453F0C80071D1DD /* CardView.swift in Sources */,
				FA0458922453D0950071D1DD /* T6E2.swift in Sources */,
			);
			runOnlyForDeploymentPostprocessing = 0;
		};
/* End PBXSourcesBuildPhase section */

/* Begin PBXVariantGroup section */
		C0B4658F24538B3B006A9E0B /* LaunchScreen.storyboard */ = {
			isa = PBXVariantGroup;
			children = (
				C0B4659024538B3B006A9E0B /* Base */,
			);
			name = LaunchScreen.storyboard;
			sourceTree = "<group>";
		};
/* End PBXVariantGroup section */

/* Begin XCBuildConfiguration section */
		C0B4659324538B3B006A9E0B /* Debug */ = {
			isa = XCBuildConfiguration;
			buildSettings = {
				ALWAYS_SEARCH_USER_PATHS = NO;
				CLANG_ANALYZER_NONNULL = YES;
				CLANG_ANALYZER_NUMBER_OBJECT_CONVERSION = YES_AGGRESSIVE;
				CLANG_CXX_LANGUAGE_STANDARD = "gnu++14";
				CLANG_CXX_LIBRARY = "libc++";
				CLANG_ENABLE_MODULES = YES;
				CLANG_ENABLE_OBJC_ARC = YES;
				CLANG_ENABLE_OBJC_WEAK = YES;
				CLANG_WARN_BLOCK_CAPTURE_AUTORELEASING = YES;
				CLANG_WARN_BOOL_CONVERSION = YES;
				CLANG_WARN_COMMA = YES;
				CLANG_WARN_CONSTANT_CONVERSION = YES;
				CLANG_WARN_DEPRECATED_OBJC_IMPLEMENTATIONS = YES;
				CLANG_WARN_DIRECT_OBJC_ISA_USAGE = YES_ERROR;
				CLANG_WARN_DOCUMENTATION_COMMENTS = YES;
				CLANG_WARN_EMPTY_BODY = YES;
				CLANG_WARN_ENUM_CONVERSION = YES;
				CLANG_WARN_INFINITE_RECURSION = YES;
				CLANG_WARN_INT_CONVERSION = YES;
				CLANG_WARN_NON_LITERAL_NULL_CONVERSION = YES;
				CLANG_WARN_OBJC_IMPLICIT_RETAIN_SELF = YES;
				CLANG_WARN_OBJC_LITERAL_CONVERSION = YES;
				CLANG_WARN_OBJC_ROOT_CLASS = YES_ERROR;
				CLANG_WARN_RANGE_LOOP_ANALYSIS = YES;
				CLANG_WARN_STRICT_PROTOTYPES = YES;
				CLANG_WARN_SUSPICIOUS_MOVE = YES;
				CLANG_WARN_UNGUARDED_AVAILABILITY = YES_AGGRESSIVE;
				CLANG_WARN_UNREACHABLE_CODE = YES;
				CLANG_WARN__DUPLICATE_METHOD_MATCH = YES;
				COPY_PHASE_STRIP = NO;
				DEBUG_INFORMATION_FORMAT = dwarf;
				ENABLE_STRICT_OBJC_MSGSEND = YES;
				ENABLE_TESTABILITY = YES;
				GCC_C_LANGUAGE_STANDARD = gnu11;
				GCC_DYNAMIC_NO_PIC = NO;
				GCC_NO_COMMON_BLOCKS = YES;
				GCC_OPTIMIZATION_LEVEL = 0;
				GCC_PREPROCESSOR_DEFINITIONS = (
					"DEBUG=1",
					"$(inherited)",
				);
				GCC_WARN_64_TO_32_BIT_CONVERSION = YES;
				GCC_WARN_ABOUT_RETURN_TYPE = YES_ERROR;
				GCC_WARN_UNDECLARED_SELECTOR = YES;
				GCC_WARN_UNINITIALIZED_AUTOS = YES_AGGRESSIVE;
				GCC_WARN_UNUSED_FUNCTION = YES;
				GCC_WARN_UNUSED_VARIABLE = YES;
				IPHONEOS_DEPLOYMENT_TARGET = 13.2;
				MTL_ENABLE_DEBUG_INFO = INCLUDE_SOURCE;
				MTL_FAST_MATH = YES;
				ONLY_ACTIVE_ARCH = YES;
				SDKROOT = iphoneos;
				SWIFT_ACTIVE_COMPILATION_CONDITIONS = DEBUG;
				SWIFT_OPTIMIZATION_LEVEL = "-Onone";
			};
			name = Debug;
		};
		C0B4659424538B3B006A9E0B /* Release */ = {
			isa = XCBuildConfiguration;
			buildSettings = {
				ALWAYS_SEARCH_USER_PATHS = NO;
				CLANG_ANALYZER_NONNULL = YES;
				CLANG_ANALYZER_NUMBER_OBJECT_CONVERSION = YES_AGGRESSIVE;
				CLANG_CXX_LANGUAGE_STANDARD = "gnu++14";
				CLANG_CXX_LIBRARY = "libc++";
				CLANG_ENABLE_MODULES = YES;
				CLANG_ENABLE_OBJC_ARC = YES;
				CLANG_ENABLE_OBJC_WEAK = YES;
				CLANG_WARN_BLOCK_CAPTURE_AUTORELEASING = YES;
				CLANG_WARN_BOOL_CONVERSION = YES;
				CLANG_WARN_COMMA = YES;
				CLANG_WARN_CONSTANT_CONVERSION = YES;
				CLANG_WARN_DEPRECATED_OBJC_IMPLEMENTATIONS = YES;
				CLANG_WARN_DIRECT_OBJC_ISA_USAGE = YES_ERROR;
				CLANG_WARN_DOCUMENTATION_COMMENTS = YES;
				CLANG_WARN_EMPTY_BODY = YES;
				CLANG_WARN_ENUM_CONVERSION = YES;
				CLANG_WARN_INFINITE_RECURSION = YES;
				CLANG_WARN_INT_CONVERSION = YES;
				CLANG_WARN_NON_LITERAL_NULL_CONVERSION = YES;
				CLANG_WARN_OBJC_IMPLICIT_RETAIN_SELF = YES;
				CLANG_WARN_OBJC_LITERAL_CONVERSION = YES;
				CLANG_WARN_OBJC_ROOT_CLASS = YES_ERROR;
				CLANG_WARN_RANGE_LOOP_ANALYSIS = YES;
				CLANG_WARN_STRICT_PROTOTYPES = YES;
				CLANG_WARN_SUSPICIOUS_MOVE = YES;
				CLANG_WARN_UNGUARDED_AVAILABILITY = YES_AGGRESSIVE;
				CLANG_WARN_UNREACHABLE_CODE = YES;
				CLANG_WARN__DUPLICATE_METHOD_MATCH = YES;
				COPY_PHASE_STRIP = NO;
				DEBUG_INFORMATION_FORMAT = "dwarf-with-dsym";
				ENABLE_NS_ASSERTIONS = NO;
				ENABLE_STRICT_OBJC_MSGSEND = YES;
				GCC_C_LANGUAGE_STANDARD = gnu11;
				GCC_NO_COMMON_BLOCKS = YES;
				GCC_WARN_64_TO_32_BIT_CONVERSION = YES;
				GCC_WARN_ABOUT_RETURN_TYPE = YES_ERROR;
				GCC_WARN_UNDECLARED_SELECTOR = YES;
				GCC_WARN_UNINITIALIZED_AUTOS = YES_AGGRESSIVE;
				GCC_WARN_UNUSED_FUNCTION = YES;
				GCC_WARN_UNUSED_VARIABLE = YES;
				IPHONEOS_DEPLOYMENT_TARGET = 13.2;
				MTL_ENABLE_DEBUG_INFO = NO;
				MTL_FAST_MATH = YES;
				SDKROOT = iphoneos;
				SWIFT_COMPILATION_MODE = wholemodule;
				SWIFT_OPTIMIZATION_LEVEL = "-O";
				VALIDATE_PRODUCT = YES;
			};
			name = Release;
		};
		C0B4659624538B3B006A9E0B /* Debug */ = {
			isa = XCBuildConfiguration;
			buildSettings = {
				ASSETCATALOG_COMPILER_APPICON_NAME = AppIcon;
				CODE_SIGN_STYLE = Automatic;
				DEVELOPMENT_ASSET_PATHS = "\"09-Transitions/Preview Content\"";
				DEVELOPMENT_TEAM = 8NYFW7HB9N;
				ENABLE_PREVIEWS = YES;
				INFOPLIST_FILE = "09-Transitions/Info.plist";
				LD_RUNPATH_SEARCH_PATHS = (
					"$(inherited)",
					"@executable_path/Frameworks",
				);
				PRODUCT_BUNDLE_IDENTIFIER = "sample.es.-9-Transitions";
				PRODUCT_NAME = "$(TARGET_NAME)";
				SWIFT_VERSION = 5.0;
				TARGETED_DEVICE_FAMILY = "1,2";
			};
			name = Debug;
		};
		C0B4659724538B3B006A9E0B /* Release */ = {
			isa = XCBuildConfiguration;
			buildSettings = {
				ASSETCATALOG_COMPILER_APPICON_NAME = AppIcon;
				CODE_SIGN_STYLE = Automatic;
				DEVELOPMENT_ASSET_PATHS = "\"09-Transitions/Preview Content\"";
				DEVELOPMENT_TEAM = 8NYFW7HB9N;
				ENABLE_PREVIEWS = YES;
				INFOPLIST_FILE = "09-Transitions/Info.plist";
				LD_RUNPATH_SEARCH_PATHS = (
					"$(inherited)",
					"@executable_path/Frameworks",
				);
				PRODUCT_BUNDLE_IDENTIFIER = "sample.es.-9-Transitions";
				PRODUCT_NAME = "$(TARGET_NAME)";
				SWIFT_VERSION = 5.0;
				TARGETED_DEVICE_FAMILY = "1,2";
			};
			name = Release;
		};
/* End XCBuildConfiguration section */

/* Begin XCConfigurationList section */
		C0B4657C24538B2E006A9E0B /* Build configuration list for PBXProject "09-Transitions" */ = {
			isa = XCConfigurationList;
			buildConfigurations = (
				C0B4659324538B3B006A9E0B /* Debug */,
				C0B4659424538B3B006A9E0B /* Release */,
			);
			defaultConfigurationIsVisible = 0;
			defaultConfigurationName = Release;
		};
		C0B4659524538B3B006A9E0B /* Build configuration list for PBXNativeTarget "09-Transitions" */ = {
			isa = XCConfigurationList;
			buildConfigurations = (
				C0B4659624538B3B006A9E0B /* Debug */,
				C0B4659724538B3B006A9E0B /* Release */,
			);
			defaultConfigurationIsVisible = 0;
			defaultConfigurationName = Release;
		};
/* End XCConfigurationList section */
	};
	rootObject = C0B4657924538B2E006A9E0B /* Project object */;
}
